{
  "name": "elderly-boards",
  "lockfileVersion": 3,
  "requires": true,
  "packages": {
    "": {
      "name": "elderly-boards",
      "dependencies": {
        "@fontsource/long-cang": "^5.0.0",
        "@fontsource/ma-shan-zheng": "^5.0.0",
        "@fontsource/noto-sans-sc": "^5.0.0",
        "@fontsource/noto-serif-sc": "^5.0.0"
      }
    },
    "node_modules/@fontsource/long-cang": {
      "version": "5.3.0",
      "resolved": "https://registry.npmjs.org/@fontsource/long-cang/-/long-cang-5.3.0.tgz",
      "integrity": "sha512-lCcBJb+LWZpYCVtGvQRiZPy5/EaGPuYLycpJXUIOz28EYGGqhTVWBRqY6ucaW8l1F8gvfjutY1PoAPUrFiP0wg==",
      "license": "OFL-1.1",
      "funding": {
        "url": "https://github.com/sponsors/ayuhito"
      }
    },
    "node_modules/@fontsource/ma-shan-zheng": {
      "version": "5.3.1",
      "resolved": "https://registry.npmjs.org/@fontsource/ma-shan-zheng/-/ma-shan-zheng-5.3.1.tgz",
      "integrity": "sha512-cGGn7Yje2RSduXVxEk+rCfNZyD/T/7FMGj03LNPiK8TRL9Sing0tq1zJF3n+W29szPqgb2RNs5oIvmm+ikeI+Q==",
      "license": "OFL-1.1",
      "funding": {
        "url": "https://github.com/sponsors/ayuhito"
      }
    },
    "node_modules/@fontsource/noto-sans-sc": {
      "version": "5.3.0",
      "resolved": "https://registry.npmjs.org/@fontsource/noto-sans-sc/-/noto-sans-sc-5.3.0.tgz",
      "integrity": "sha512-HeqIlGm0+ohOKxZLuHj1qW6r6avHH0OWdKERAcSDI0RQ+MXrteuLKA+M+5eOA8rYy0MFvOR5AT0fQo2rUkye0Q==",
      "license": "OFL-1.1",
      "funding": {
        "url": "https://github.com/sponsors/ayuhito"
      }
    },
    "node_modules/@fontsource/noto-serif-sc": {
      "version": "5.3.0",
      "resolved": "https://registry.npmjs.org/@fontsource/noto-serif-sc/-/noto-serif-sc-5.3.0.tgz",
      "integrity": "sha512-0/zaEFkidiWldE62rTeD74x8ygUsQvejiSNtO0LQxQk3qpaHnlMZ3w4C7yH80B4KTIg8VKeFP4oSgwWMchY9+g==",
      "license": "OFL-1.1",
      "funding": {
        "url": "https://github.com/sponsors/ayuhito"
      }
    }
  }
}
